// !$*UTF8*$!
{
	archiveVersion = 1;
	classes = {
	};
	objectVersion = 46;
	objects = {

/* Begin PBXBuildFile section */
		55B10CF71A81728F00AA3684 /* main.m in Sources */ = {isa = PBXBuildFile; fileRef = 55B10CF61A81728F00AA3684 /* main.m */; };
		55B10CFA1A81728F00AA3684 /* AppDelegate.m in Sources */ = {isa = PBXBuildFile; fileRef = 55B10CF91A81728F00AA3684 /* AppDelegate.m */; };
		55B10CFD1A81728F00AA3684 /* ViewController.m in Sources */ = {isa = PBXBuildFile; fileRef = 55B10CFC1A81728F00AA3684 /* ViewController.m */; };
		55B10D001A81728F00AA3684 /* Main.storyboard in Resources */ = {isa = PBXBuildFile; fileRef = 55B10CFE1A81728F00AA3684 /* Main.storyboard */; };
		55B10D021A81728F00AA3684 /* Images.xcassets in Resources */ = {isa = PBXBuildFile; fileRef = 55B10D011A81728F00AA3684 /* Images.xcassets */; };
		55B10D051A81728F00AA3684 /* LaunchScreen.xib in Resources */ = {isa = PBXBuildFile; fileRef = 55B10D031A81728F00AA3684 /* LaunchScreen.xib */; };
		55B10D111A81728F00AA3684 /* BobblzSDKTests.m in Sources */ = {isa = PBXBuildFile; fileRef = 55B10D101A81728F00AA3684 /* BobblzSDKTests.m */; };
		FEDD227D1B89024C00DAE2CF /* NSObject+Serializer.m in Sources */ = {isa = PBXBuildFile; fileRef = FEDD227C1B89024C00DAE2CF /* NSObject+Serializer.m */; };
		FEFC26971B88F96B00869D22 /* BZDataProcessor.m in Sources */ = {isa = PBXBuildFile; fileRef = FEFC26961B88F96B00869D22 /* BZDataProcessor.m */; };
/* End PBXBuildFile section */

/* Begin PBXContainerItemProxy section */
		55B10D0B1A81728F00AA3684 /* PBXContainerItemProxy */ = {
			isa = PBXContainerItemProxy;
			containerPortal = 55B10CE91A81728F00AA3684 /* Project object */;
			proxyType = 1;
			remoteGlobalIDString = 55B10CF01A81728F00AA3684;
			remoteInfo = BobblzSDK;
		};
/* End PBXContainerItemProxy section */

/* Begin PBXFileReference section */
		421C3E28F728D8E99535A99C /* Pods-BobblzSDK.release.xcconfig */ = {isa = PBXFileReference; includeInIndex = 1; lastKnownFileType = text.xcconfig; name = "Pods-BobblzSDK.release.xcconfig"; path = "Pods/Target Support Files/Pods-BobblzSDK/Pods-BobblzSDK.release.xcconfig"; sourceTree = "<group>"; };
		55B10CF11A81728F00AA3684 /* BobblzSDK.app */ = {isa = PBXFileReference; explicitFileType = wrapper.application; includeInIndex = 0; path = BobblzSDK.app; sourceTree = BUILT_PRODUCTS_DIR; };
		55B10CF51A81728F00AA3684 /* Info.plist */ = {isa = PBXFileReference; lastKnownFileType = text.plist.xml; path = Info.plist; sourceTree = "<group>"; };
		55B10CF61A81728F00AA3684 /* main.m */ = {isa = PBXFileReference; lastKnownFileType = sourcecode.c.objc; path = main.m; sourceTree = "<group>"; };
		55B10CF81A81728F00AA3684 /* AppDelegate.h */ = {isa = PBXFileReference; lastKnownFileType = sourcecode.c.h; path = AppDelegate.h; sourceTree = "<group>"; };
		55B10CF91A81728F00AA3684 /* AppDelegate.m */ = {isa = PBXFileReference; lastKnownFileType = sourcecode.c.objc; path = AppDelegate.m; sourceTree = "<group>"; };
		55B10CFB1A81728F00AA3684 /* ViewController.h */ = {isa = PBXFileReference; lastKnownFileType = sourcecode.c.h; path = ViewController.h; sourceTree = "<group>"; };
		55B10CFC1A81728F00AA3684 /* ViewController.m */ = {isa = PBXFileReference; lastKnownFileType = sourcecode.c.objc; path = ViewController.m; sourceTree = "<group>"; };
		55B10CFF1A81728F00AA3684 /* Base */ = {isa = PBXFileReference; lastKnownFileType = file.storyboard; name = Base; path = Base.lproj/Main.storyboard; sourceTree = "<group>"; };
		55B10D011A81728F00AA3684 /* Images.xcassets */ = {isa = PBXFileReference; lastKnownFileType = folder.assetcatalog; path = Images.xcassets; sourceTree = "<group>"; };
		55B10D041A81728F00AA3684 /* Base */ = {isa = PBXFileReference; lastKnownFileType = file.xib; name = Base; path = Base.lproj/LaunchScreen.xib; sourceTree = "<group>"; };
		55B10D0A1A81728F00AA3684 /* BobblzSDKTests.xctest */ = {isa = PBXFileReference; explicitFileType = wrapper.cfbundle; includeInIndex = 0; path = BobblzSDKTests.xctest; sourceTree = BUILT_PRODUCTS_DIR; };
		55B10D0F1A81728F00AA3684 /* Info.plist */ = {isa = PBXFileReference; lastKnownFileType = text.plist.xml; path = Info.plist; sourceTree = "<group>"; };
		55B10D101A81728F00AA3684 /* BobblzSDKTests.m */ = {isa = PBXFileReference; lastKnownFileType = sourcecode.c.objc; path = BobblzSDKTests.m; sourceTree = "<group>"; };
		9599D845B9CA570148229FCF /* libPods-BobblzSDK.a */ = {isa = PBXFileReference; explicitFileType = archive.ar; includeInIndex = 0; path = "libPods-BobblzSDK.a"; sourceTree = BUILT_PRODUCTS_DIR; };
		B7B6D2FABA7FE61A911D5EB9 /* Pods-BobblzSDK.debug.xcconfig */ = {isa = PBXFileReference; includeInIndex = 1; lastKnownFileType = text.xcconfig; name = "Pods-BobblzSDK.debug.xcconfig"; path = "Pods/Target Support Files/Pods-BobblzSDK/Pods-BobblzSDK.debug.xcconfig"; sourceTree = "<group>"; };
		FEDD227B1B89024C00DAE2CF /* NSObject+Serializer.h */ = {isa = PBXFileReference; fileEncoding = 4; lastKnownFileType = sourcecode.c.h; path = "NSObject+Serializer.h"; sourceTree = "<group>"; };
		FEDD227C1B89024C00DAE2CF /* NSObject+Serializer.m */ = {isa = PBXFileReference; fileEncoding = 4; lastKnownFileType = sourcecode.c.objc; path = "NSObject+Serializer.m"; sourceTree = "<group>"; };
		FEFC26951B88F96B00869D22 /* BZDataProcessor.h */ = {isa = PBXFileReference; fileEncoding = 4; lastKnownFileType = sourcecode.c.h; path = BZDataProcessor.h; sourceTree = "<group>"; };
		FEFC26961B88F96B00869D22 /* BZDataProcessor.m */ = {isa = PBXFileReference; fileEncoding = 4; lastKnownFileType = sourcecode.c.objc; path = BZDataProcessor.m; sourceTree = "<group>"; };
/* End PBXFileReference section */

/* Begin PBXFrameworksBuildPhase section */
		55B10D071A81728F00AA3684 /* Frameworks */ = {
			isa = PBXFrameworksBuildPhase;
			buildActionMask = 2147483647;
			files = (
			);
			runOnlyForDeploymentPostprocessing = 0;
		};
/* End PBXFrameworksBuildPhase section */

/* Begin PBXGroup section */
		1A620B93C24618E894D37C09 /* Frameworks */ = {
			isa = PBXGroup;
			children = (
				9599D845B9CA570148229FCF /* libPods-BobblzSDK.a */,
			);
			name = Frameworks;
			sourceTree = "<group>";
		};
		55B10CE81A81728F00AA3684 = {
			isa = PBXGroup;
			children = (
				55B10CF31A81728F00AA3684 /* BobblzSDK */,
				55B10D0D1A81728F00AA3684 /* BobblzSDKTests */,
				55B10CF21A81728F00AA3684 /* Products */,
				C3FBB074CFA0399943701604 /* Pods */,
				1A620B93C24618E894D37C09 /* Frameworks */,
			);
			sourceTree = "<group>";
		};
		55B10CF21A81728F00AA3684 /* Products */ = {
			isa = PBXGroup;
			children = (
				55B10CF11A81728F00AA3684 /* BobblzSDK.app */,
				55B10D0A1A81728F00AA3684 /* BobblzSDKTests.xctest */,
			);
			name = Products;
			sourceTree = "<group>";
		};
		55B10CF31A81728F00AA3684 /* BobblzSDK */ = {
			isa = PBXGroup;
			children = (
				FEDD227A1B89023200DAE2CF /* Categories */,
				FEFC26941B88F95500869D22 /* Processors */,
				55B10CF81A81728F00AA3684 /* AppDelegate.h */,
				55B10CF91A81728F00AA3684 /* AppDelegate.m */,
				55B10CFB1A81728F00AA3684 /* ViewController.h */,
				55B10CFC1A81728F00AA3684 /* ViewController.m */,
				55B10CFE1A81728F00AA3684 /* Main.storyboard */,
				55B10D011A81728F00AA3684 /* Images.xcassets */,
				55B10D031A81728F00AA3684 /* LaunchScreen.xib */,
				55B10CF41A81728F00AA3684 /* Supporting Files */,
			);
			path = BobblzSDK;
			sourceTree = "<group>";
		};
		55B10CF41A81728F00AA3684 /* Supporting Files */ = {
			isa = PBXGroup;
			children = (
				55B10CF51A81728F00AA3684 /* Info.plist */,
				55B10CF61A81728F00AA3684 /* main.m */,
			);
			name = "Supporting Files";
			sourceTree = "<group>";
		};
		55B10D0D1A81728F00AA3684 /* BobblzSDKTests */ = {
			isa = PBXGroup;
			children = (
				55B10D101A81728F00AA3684 /* BobblzSDKTests.m */,
				55B10D0E1A81728F00AA3684 /* Supporting Files */,
			);
			path = BobblzSDKTests;
			sourceTree = "<group>";
		};
		55B10D0E1A81728F00AA3684 /* Supporting Files */ = {
			isa = PBXGroup;
			children = (
				55B10D0F1A81728F00AA3684 /* Info.plist */,
			);
			name = "Supporting Files";
			sourceTree = "<group>";
		};
		C3FBB074CFA0399943701604 /* Pods */ = {
			isa = PBXGroup;
			children = (
				B7B6D2FABA7FE61A911D5EB9 /* Pods-BobblzSDK.debug.xcconfig */,
				421C3E28F728D8E99535A99C /* Pods-BobblzSDK.release.xcconfig */,
			);
			name = Pods;
			sourceTree = "<group>";
		};
		FEDD227A1B89023200DAE2CF /* Categories */ = {
			isa = PBXGroup;
			children = (
				FEDD227B1B89024C00DAE2CF /* NSObject+Serializer.h */,
				FEDD227C1B89024C00DAE2CF /* NSObject+Serializer.m */,
			);
			name = Categories;
			sourceTree = "<group>";
		};
		FEFC26941B88F95500869D22 /* Processors */ = {
			isa = PBXGroup;
			children = (
				FEFC26951B88F96B00869D22 /* BZDataProcessor.h */,
				FEFC26961B88F96B00869D22 /* BZDataProcessor.m */,
			);
			name = Processors;
			sourceTree = "<group>";
		};
/* End PBXGroup section */

/* Begin PBXNativeTarget section */
		55B10CF01A81728F00AA3684 /* BobblzSDK */ = {
			isa = PBXNativeTarget;
			buildConfigurationList = 55B10D141A81728F00AA3684 /* Build configuration list for PBXNativeTarget "BobblzSDK" */;
			buildPhases = (
				55B10CED1A81728F00AA3684 /* Sources */,
				55B10CEF1A81728F00AA3684 /* Resources */,
			);
			buildRules = (
			);
			dependencies = (
			);
			name = BobblzSDK;
			productName = BobblzSDK;
			productReference = 55B10CF11A81728F00AA3684 /* BobblzSDK.app */;
			productType = "com.apple.product-type.application";
		};
		55B10D091A81728F00AA3684 /* BobblzSDKTests */ = {
			isa = PBXNativeTarget;
			buildConfigurationList = 55B10D171A81728F00AA3684 /* Build configuration list for PBXNativeTarget "BobblzSDKTests" */;
			buildPhases = (
				55B10D061A81728F00AA3684 /* Sources */,
				55B10D071A81728F00AA3684 /* Frameworks */,
				55B10D081A81728F00AA3684 /* Resources */,
			);
			buildRules = (
			);
			dependencies = (
				55B10D0C1A81728F00AA3684 /* PBXTargetDependency */,
			);
			name = BobblzSDKTests;
			productName = BobblzSDKTests;
			productReference = 55B10D0A1A81728F00AA3684 /* BobblzSDKTests.xctest */;
			productType = "com.apple.product-type.bundle.unit-test";
		};
/* End PBXNativeTarget section */

/* Begin PBXProject section */
		55B10CE91A81728F00AA3684 /* Project object */ = {
			isa = PBXProject;
			attributes = {
				LastUpgradeCheck = 0700;
				ORGANIZATIONNAME = funwayhq;
				TargetAttributes = {
					55B10CF01A81728F00AA3684 = {
						CreatedOnToolsVersion = 6.1.1;
					};
					55B10D091A81728F00AA3684 = {
						CreatedOnToolsVersion = 6.1.1;
						TestTargetID = 55B10CF01A81728F00AA3684;
					};
				};
			};
			buildConfigurationList = 55B10CEC1A81728F00AA3684 /* Build configuration list for PBXProject "BobblzSDK" */;
			compatibilityVersion = "Xcode 3.2";
			developmentRegion = English;
			hasScannedForEncodings = 0;
			knownRegions = (
				en,
				Base,
			);
			mainGroup = 55B10CE81A81728F00AA3684;
			productRefGroup = 55B10CF21A81728F00AA3684 /* Products */;
			projectDirPath = "";
			projectRoot = "";
			targets = (
				55B10CF01A81728F00AA3684 /* BobblzSDK */,
				55B10D091A81728F00AA3684 /* BobblzSDKTests */,
			);
		};
/* End PBXProject section */

/* Begin PBXResourcesBuildPhase section */
		55B10CEF1A81728F00AA3684 /* Resources */ = {
			isa = PBXResourcesBuildPhase;
			buildActionMask = 2147483647;
			files = (
				55B10D001A81728F00AA3684 /* Main.storyboard in Resources */,
				55B10D051A81728F00AA3684 /* LaunchScreen.xib in Resources */,
				55B10D021A81728F00AA3684 /* Images.xcassets in Resources */,
			);
			runOnlyForDeploymentPostprocessing = 0;
		};
		55B10D081A81728F00AA3684 /* Resources */ = {
			isa = PBXResourcesBuildPhase;
			buildActionMask = 2147483647;
			files = (
			);
			runOnlyForDeploymentPostprocessing = 0;
		};
/* End PBXResourcesBuildPhase section */

/* Begin PBXSourcesBuildPhase section */
		55B10CED1A81728F00AA3684 /* Sources */ = {
			isa = PBXSourcesBuildPhase;
			buildActionMask = 2147483647;
			files = (
				FEFC26971B88F96B00869D22 /* BZDataProcessor.m in Sources */,
				55B10CFD1A81728F00AA3684 /* ViewController.m in Sources */,
				55B10CFA1A81728F00AA3684 /* AppDelegate.m in Sources */,
				55B10CF71A81728F00AA3684 /* main.m in Sources */,
				FEDD227D1B89024C00DAE2CF /* NSObject+Serializer.m in Sources */,
			);
			runOnlyForDeploymentPostprocessing = 0;
		};
		55B10D061A81728F00AA3684 /* Sources */ = {
			isa = PBXSourcesBuildPhase;
			buildActionMask = 2147483647;
			files = (
				55B10D111A81728F00AA3684 /* BobblzSDKTests.m in Sources */,
			);
			runOnlyForDeploymentPostprocessing = 0;
		};
/* End PBXSourcesBuildPhase section */

/* Begin PBXTargetDependency section */
		55B10D0C1A81728F00AA3684 /* PBXTargetDependency */ = {
			isa = PBXTargetDependency;
			target = 55B10CF01A81728F00AA3684 /* BobblzSDK */;
			targetProxy = 55B10D0B1A81728F00AA3684 /* PBXContainerItemProxy */;
		};
/* End PBXTargetDependency section */

/* Begin PBXVariantGroup section */
		55B10CFE1A81728F00AA3684 /* Main.storyboard */ = {
			isa = PBXVariantGroup;
			children = (
				55B10CFF1A81728F00AA3684 /* Base */,
			);
			name = Main.storyboard;
			sourceTree = "<group>";
		};
		55B10D031A81728F00AA3684 /* LaunchScreen.xib */ = {
			isa = PBXVariantGroup;
			children = (
				55B10D041A81728F00AA3684 /* Base */,
			);
			name = LaunchScreen.xib;
			sourceTree = "<group>";
		};
/* End PBXVariantGroup section */

/* Begin XCBuildConfiguration section */
		55B10D131A81728F00AA3684 /* Release */ = {
			isa = XCBuildConfiguration;
			buildSettings = {
				ALWAYS_SEARCH_USER_PATHS = NO;
				CLANG_CXX_LANGUAGE_STANDARD = "gnu++0x";
				CLANG_CXX_LIBRARY = "libc++";
				CLANG_ENABLE_MODULES = YES;
				CLANG_ENABLE_OBJC_ARC = YES;
				CLANG_WARN_BOOL_CONVERSION = YES;
				CLANG_WARN_CONSTANT_CONVERSION = YES;
				CLANG_WARN_DIRECT_OBJC_ISA_USAGE = YES_ERROR;
				CLANG_WARN_EMPTY_BODY = YES;
				CLANG_WARN_ENUM_CONVERSION = YES;
				CLANG_WARN_INT_CONVERSION = YES;
				CLANG_WARN_OBJC_ROOT_CLASS = YES_ERROR;
				CLANG_WARN_UNREACHABLE_CODE = YES;
				CLANG_WARN__DUPLICATE_METHOD_MATCH = YES;
				"CODE_SIGN_IDENTITY[sdk=iphoneos*]" = "iPhone Developer";
				COPY_PHASE_STRIP = YES;
				ENABLE_NS_ASSERTIONS = NO;
				ENABLE_STRICT_OBJC_MSGSEND = YES;
				GCC_C_LANGUAGE_STANDARD = gnu99;
				GCC_WARN_64_TO_32_BIT_CONVERSION = YES;
				GCC_WARN_ABOUT_RETURN_TYPE = YES_ERROR;
				GCC_WARN_UNDECLARED_SELECTOR = YES;
				GCC_WARN_UNINITIALIZED_AUTOS = YES_AGGRESSIVE;
				GCC_WARN_UNUSED_FUNCTION = YES;
				GCC_WARN_UNUSED_VARIABLE = YES;
				IPHONEOS_DEPLOYMENT_TARGET = 8.1;
				MTL_ENABLE_DEBUG_INFO = NO;
				SDKROOT = iphoneos;
				VALIDATE_PRODUCT = YES;
			};
			name = Release;
		};
		55B10D161A81728F00AA3684 /* Release */ = {
			isa = XCBuildConfiguration;
			baseConfigurationReference = 421C3E28F728D8E99535A99C /* Pods-BobblzSDK.release.xcconfig */;
			buildSettings = {
				ASSETCATALOG_COMPILER_APPICON_NAME = AppIcon;
				INFOPLIST_FILE = BobblzSDK/Info.plist;
				LD_RUNPATH_SEARCH_PATHS = "$(inherited) @executable_path/Frameworks";
				PRODUCT_BUNDLE_IDENTIFIER = "com.funwayhq.$(PRODUCT_NAME:rfc1034identifier)";
				PRODUCT_NAME = "$(TARGET_NAME)";
			};
			name = Release;
		};
		55B10D191A81728F00AA3684 /* Release */ = {
			isa = XCBuildConfiguration;
			buildSettings = {
				BUNDLE_LOADER = "$(TEST_HOST)";
				FRAMEWORK_SEARCH_PATHS = (
					"$(SDKROOT)/Developer/Library/Frameworks",
					"$(inherited)",
				);
				INFOPLIST_FILE = BobblzSDKTests/Info.plist;
				LD_RUNPATH_SEARCH_PATHS = "$(inherited) @executable_path/Frameworks @loader_path/Frameworks";
				PRODUCT_BUNDLE_IDENTIFIER = "com.funwayhq.$(PRODUCT_NAME:rfc1034identifier)";
				PRODUCT_NAME = "$(TARGET_NAME)";
				TEST_HOST = "$(BUILT_PRODUCTS_DIR)/BobblzSDK.app/BobblzSDK";
			};
			name = Release;
		};
/* End XCBuildConfiguration section */

/* Begin XCConfigurationList section */
		55B10CEC1A81728F00AA3684 /* Build configuration list for PBXProject "BobblzSDK" */ = {
			isa = XCConfigurationList;
			buildConfigurations = (
				55B10D131A81728F00AA3684 /* Release */,
			);
			defaultConfigurationIsVisible = 0;
			defaultConfigurationName = Release;
		};
		55B10D141A81728F00AA3684 /* Build configuration list for PBXNativeTarget "BobblzSDK" */ = {
			isa = XCConfigurationList;
			buildConfigurations = (
				55B10D161A81728F00AA3684 /* Release */,
			);
			defaultConfigurationIsVisible = 0;
			defaultConfigurationName = Release;
		};
		55B10D171A81728F00AA3684 /* Build configuration list for PBXNativeTarget "BobblzSDKTests" */ = {
			isa = XCConfigurationList;
			buildConfigurations = (
				55B10D191A81728F00AA3684 /* Release */,
			);
			defaultConfigurationIsVisible = 0;
			defaultConfigurationName = Release;
		};
/* End XCConfigurationList section */
	};
	rootObject = 55B10CE91A81728F00AA3684 /* Project object */;
}
